
Microsoft Visual Studio Solution File, Format Version 12.00
# Visual Studio 2012
Project("{2150E333-8FDC-42A3-9474-1A3956D46DE8}") = "src", "src", "{7689E876-4726-443C-BFAA-D1B7CC8103CF}"
EndProject
Project("{FAE04EC0-301F-11D3-BF4B-00C04F79EFBC}") = "Milo", "Milo\Milo.csproj", "{E238BE52-AFD7-427C-92E1-F67214FE9D0D}"
EndProject
Project("{FAE04EC0-301F-11D3-BF4B-00C04F79EFBC}") = "Milo.Core", "Milo.Core\Milo.Core.csproj", "{D8F6E1F1-D73F-4D0A-A317-5FD369260303}"
EndProject
Project("{FAE04EC0-301F-11D3-BF4B-00C04F79EFBC}") = "Milo.Data", "Milo.Data\Milo.Data.csproj", "{9467803A-F468-4C87-BBB4-55E0C3544384}"
EndProject
Project("{FAE04EC0-301F-11D3-BF4B-00C04F79EFBC}") = "Milo.Web", "Milo.Web\Milo.Web.csproj", "{680F48F5-9CD1-41A8-9144-1168BC60DF41}"
EndProject
Project("{FAE04EC0-301F-11D3-BF4B-00C04F79EFBC}") = "Milo.Web.PageExtensions", "Milo.Web.PageExtensions\Milo.Web.PageExtensions.csproj", "{37FEF332-615D-4CE1-86C1-4D4C59A74795}"
EndProject
Project("{2150E333-8FDC-42A3-9474-1A3956D46DE8}") = "tests", "tests", "{7C8460DC-C9DB-4EB6-9266-8B39726A2D3E}"
EndProject
Project("{FAE04EC0-301F-11D3-BF4B-00C04F79EFBC}") = "Milo.Tests", "Milo.Tests\Milo.Tests.csproj", "{4FB7426E-FA9A-4ADD-8AF6-32982E4F2DA2}"
EndProject
Project("{2150E333-8FDC-42A3-9474-1A3956D46DE8}") = "demo", "demo", "{DB399CBF-B01D-4CA9-B36A-03A836EE186A}"
EndProject
Project("{FAE04EC0-301F-11D3-BF4B-00C04F79EFBC}") = "Milo.Demo.WebForms", "Milo.Demo.WebForms\Milo.Demo.WebForms.csproj", "{762C14F6-EE57-4190-812B-9F50B2D4E18A}"
EndProject
Project("{FAE04EC0-301F-11D3-BF4B-00C04F79EFBC}") = "Milo.Web.UI", "Milo.Web.UI\Milo.Web.UI.csproj", "{2F2198A3-B1E2-4295-9E3E-1C6709EE4238}"
EndProject
Global
	GlobalSection(SolutionConfigurationPlatforms) = preSolution
		Debug|Any CPU = Debug|Any CPU
		MonoDebug|Any CPU = MonoDebug|Any CPU
		MonoRelease|Any CPU = MonoRelease|Any CPU
		Release|Any CPU = Release|Any CPU
	EndGlobalSection
	GlobalSection(ProjectConfigurationPlatforms) = postSolution
		{E238BE52-AFD7-427C-92E1-F67214FE9D0D}.Debug|Any CPU.ActiveCfg = Debug|Any CPU
		{E238BE52-AFD7-427C-92E1-F67214FE9D0D}.Debug|Any CPU.Build.0 = Debug|Any CPU
		{E238BE52-AFD7-427C-92E1-F67214FE9D0D}.MonoDebug|Any CPU.ActiveCfg = MonoDebug|Any CPU
		{E238BE52-AFD7-427C-92E1-F67214FE9D0D}.MonoDebug|Any CPU.Build.0 = MonoDebug|Any CPU
		{E238BE52-AFD7-427C-92E1-F67214FE9D0D}.MonoRelease|Any CPU.ActiveCfg = MonoRelease|Any CPU
		{E238BE52-AFD7-427C-92E1-F67214FE9D0D}.MonoRelease|Any CPU.Build.0 = MonoRelease|Any CPU
		{E238BE52-AFD7-427C-92E1-F67214FE9D0D}.Release|Any CPU.ActiveCfg = Release|Any CPU
		{E238BE52-AFD7-427C-92E1-F67214FE9D0D}.Release|Any CPU.Build.0 = Release|Any CPU
		{D8F6E1F1-D73F-4D0A-A317-5FD369260303}.Debug|Any CPU.ActiveCfg = Debug|Any CPU
		{D8F6E1F1-D73F-4D0A-A317-5FD369260303}.Debug|Any CPU.Build.0 = Debug|Any CPU
		{D8F6E1F1-D73F-4D0A-A317-5FD369260303}.MonoDebug|Any CPU.ActiveCfg = MonoDebug|Any CPU
		{D8F6E1F1-D73F-4D0A-A317-5FD369260303}.MonoDebug|Any CPU.Build.0 = MonoDebug|Any CPU
		{D8F6E1F1-D73F-4D0A-A317-5FD369260303}.MonoRelease|Any CPU.ActiveCfg = MonoRelease|Any CPU
		{D8F6E1F1-D73F-4D0A-A317-5FD369260303}.MonoRelease|Any CPU.Build.0 = MonoRelease|Any CPU
		{D8F6E1F1-D73F-4D0A-A317-5FD369260303}.Release|Any CPU.ActiveCfg = Release|Any CPU
		{D8F6E1F1-D73F-4D0A-A317-5FD369260303}.Release|Any CPU.Build.0 = Release|Any CPU
		{9467803A-F468-4C87-BBB4-55E0C3544384}.Debug|Any CPU.ActiveCfg = Debug|Any CPU
		{9467803A-F468-4C87-BBB4-55E0C3544384}.Debug|Any CPU.Build.0 = Debug|Any CPU
		{9467803A-F468-4C87-BBB4-55E0C3544384}.MonoDebug|Any CPU.ActiveCfg = MonoDebug|Any CPU
		{9467803A-F468-4C87-BBB4-55E0C3544384}.MonoDebug|Any CPU.Build.0 = MonoDebug|Any CPU
		{9467803A-F468-4C87-BBB4-55E0C3544384}.MonoRelease|Any CPU.ActiveCfg = MonoRelease|Any CPU
		{9467803A-F468-4C87-BBB4-55E0C3544384}.MonoRelease|Any CPU.Build.0 = MonoRelease|Any CPU
		{9467803A-F468-4C87-BBB4-55E0C3544384}.Release|Any CPU.ActiveCfg = Release|Any CPU
		{9467803A-F468-4C87-BBB4-55E0C3544384}.Release|Any CPU.Build.0 = Release|Any CPU
		{680F48F5-9CD1-41A8-9144-1168BC60DF41}.Debug|Any CPU.ActiveCfg = Debug|Any CPU
		{680F48F5-9CD1-41A8-9144-1168BC60DF41}.Debug|Any CPU.Build.0 = Debug|Any CPU
		{680F48F5-9CD1-41A8-9144-1168BC60DF41}.MonoDebug|Any CPU.ActiveCfg = MonoDebug|Any CPU
		{680F48F5-9CD1-41A8-9144-1168BC60DF41}.MonoDebug|Any CPU.Build.0 = MonoDebug|Any CPU
		{680F48F5-9CD1-41A8-9144-1168BC60DF41}.MonoRelease|Any CPU.ActiveCfg = MonoRelease|Any CPU
		{680F48F5-9CD1-41A8-9144-1168BC60DF41}.MonoRelease|Any CPU.Build.0 = MonoRelease|Any CPU
		{680F48F5-9CD1-41A8-9144-1168BC60DF41}.Release|Any CPU.ActiveCfg = Release|Any CPU
		{680F48F5-9CD1-41A8-9144-1168BC60DF41}.Release|Any CPU.Build.0 = Release|Any CPU
		{37FEF332-615D-4CE1-86C1-4D4C59A74795}.Debug|Any CPU.ActiveCfg = Debug|Any CPU
		{37FEF332-615D-4CE1-86C1-4D4C59A74795}.Debug|Any CPU.Build.0 = Debug|Any CPU
		{37FEF332-615D-4CE1-86C1-4D4C59A74795}.MonoDebug|Any CPU.ActiveCfg = MonoDebug|Any CPU
		{37FEF332-615D-4CE1-86C1-4D4C59A74795}.MonoDebug|Any CPU.Build.0 = MonoDebug|Any CPU
		{37FEF332-615D-4CE1-86C1-4D4C59A74795}.MonoRelease|Any CPU.ActiveCfg = MonoRelease|Any CPU
		{37FEF332-615D-4CE1-86C1-4D4C59A74795}.MonoRelease|Any CPU.Build.0 = MonoRelease|Any CPU
		{37FEF332-615D-4CE1-86C1-4D4C59A74795}.Release|Any CPU.ActiveCfg = Release|Any CPU
		{37FEF332-615D-4CE1-86C1-4D4C59A74795}.Release|Any CPU.Build.0 = Release|Any CPU
		{4FB7426E-FA9A-4ADD-8AF6-32982E4F2DA2}.Debug|Any CPU.ActiveCfg = Debug|Any CPU
		{4FB7426E-FA9A-4ADD-8AF6-32982E4F2DA2}.Debug|Any CPU.Build.0 = Debug|Any CPU
		{4FB7426E-FA9A-4ADD-8AF6-32982E4F2DA2}.MonoDebug|Any CPU.ActiveCfg = MonoDebug|Any CPU
		{4FB7426E-FA9A-4ADD-8AF6-32982E4F2DA2}.MonoDebug|Any CPU.Build.0 = MonoDebug|Any CPU
		{4FB7426E-FA9A-4ADD-8AF6-32982E4F2DA2}.MonoRelease|Any CPU.ActiveCfg = MonoRelease|Any CPU
		{4FB7426E-FA9A-4ADD-8AF6-32982E4F2DA2}.MonoRelease|Any CPU.Build.0 = MonoRelease|Any CPU
		{4FB7426E-FA9A-4ADD-8AF6-32982E4F2DA2}.Release|Any CPU.ActiveCfg = Release|Any CPU
		{4FB7426E-FA9A-4ADD-8AF6-32982E4F2DA2}.Release|Any CPU.Build.0 = Release|Any CPU
		{762C14F6-EE57-4190-812B-9F50B2D4E18A}.Debug|Any CPU.ActiveCfg = Debug|Any CPU
		{762C14F6-EE57-4190-812B-9F50B2D4E18A}.Debug|Any CPU.Build.0 = Debug|Any CPU
		{762C14F6-EE57-4190-812B-9F50B2D4E18A}.MonoDebug|Any CPU.ActiveCfg = MonoDebug|Any CPU
		{762C14F6-EE57-4190-812B-9F50B2D4E18A}.MonoDebug|Any CPU.Build.0 = MonoDebug|Any CPU
		{762C14F6-EE57-4190-812B-9F50B2D4E18A}.MonoRelease|Any CPU.ActiveCfg = MonoRelease|Any CPU
		{762C14F6-EE57-4190-812B-9F50B2D4E18A}.MonoRelease|Any CPU.Build.0 = MonoRelease|Any CPU
		{762C14F6-EE57-4190-812B-9F50B2D4E18A}.Release|Any CPU.ActiveCfg = Release|Any CPU
		{762C14F6-EE57-4190-812B-9F50B2D4E18A}.Release|Any CPU.Build.0 = Release|Any CPU
		{2F2198A3-B1E2-4295-9E3E-1C6709EE4238}.Debug|Any CPU.ActiveCfg = Debug|Any CPU
		{2F2198A3-B1E2-4295-9E3E-1C6709EE4238}.Debug|Any CPU.Build.0 = Debug|Any CPU
		{2F2198A3-B1E2-4295-9E3E-1C6709EE4238}.MonoDebug|Any CPU.ActiveCfg = Debug|Any CPU
		{2F2198A3-B1E2-4295-9E3E-1C6709EE4238}.MonoDebug|Any CPU.Build.0 = Debug|Any CPU
		{2F2198A3-B1E2-4295-9E3E-1C6709EE4238}.MonoRelease|Any CPU.ActiveCfg = Release|Any CPU
		{2F2198A3-B1E2-4295-9E3E-1C6709EE4238}.MonoRelease|Any CPU.Build.0 = Release|Any CPU
		{2F2198A3-B1E2-4295-9E3E-1C6709EE4238}.Release|Any CPU.ActiveCfg = Release|Any CPU
		{2F2198A3-B1E2-4295-9E3E-1C6709EE4238}.Release|Any CPU.Build.0 = Release|Any CPU
	EndGlobalSection
	GlobalSection(SolutionProperties) = preSolution
		HideSolutionNode = FALSE
	EndGlobalSection
	GlobalSection(NestedProjects) = preSolution
		{E238BE52-AFD7-427C-92E1-F67214FE9D0D} = {7689E876-4726-443C-BFAA-D1B7CC8103CF}
		{D8F6E1F1-D73F-4D0A-A317-5FD369260303} = {7689E876-4726-443C-BFAA-D1B7CC8103CF}
		{9467803A-F468-4C87-BBB4-55E0C3544384} = {7689E876-4726-443C-BFAA-D1B7CC8103CF}
		{680F48F5-9CD1-41A8-9144-1168BC60DF41} = {7689E876-4726-443C-BFAA-D1B7CC8103CF}
		{37FEF332-615D-4CE1-86C1-4D4C59A74795} = {7689E876-4726-443C-BFAA-D1B7CC8103CF}
		{2F2198A3-B1E2-4295-9E3E-1C6709EE4238} = {7689E876-4726-443C-BFAA-D1B7CC8103CF}
		{4FB7426E-FA9A-4ADD-8AF6-32982E4F2DA2} = {7C8460DC-C9DB-4EB6-9266-8B39726A2D3E}
		{762C14F6-EE57-4190-812B-9F50B2D4E18A} = {DB399CBF-B01D-4CA9-B36A-03A836EE186A}
	EndGlobalSection
	GlobalSection(MonoDevelopProperties) = preSolution
		StartupItem = Milo.Web.UI\Milo.Web.UI.csproj
	EndGlobalSection
EndGlobal
