
Microsoft Visual Studio Solution File, Format Version 12.00
# Visual Studio 2012
Project("{2150E333-8FDC-42A3-9474-1A3956D46DE8}") = "src", "src", "{7689E876-4726-443C-BFAA-D1B7CC8103CF}"
EndProject
Project("{FAE04EC0-301F-11D3-BF4B-00C04F79EFBC}") = "Milo", "Milo\Milo.csproj", "{E238BE52-AFD7-427C-92E1-F67214FE9D0D}"
EndProject
Project("{FAE04EC0-301F-11D3-BF4B-00C04F79EFBC}") = "Milo.Core", "Milo.Core\Milo.Core.csproj", "{D8F6E1F1-D73F-4D0A-A317-5FD369260303}"
EndProject
Project("{FAE04EC0-301F-11D3-BF4B-00C04F79EFBC}") = "Milo.Spring", "Milo.Spring\Milo.Spring.csproj", "{9467803A-F468-4C87-BBB4-55E0C3544384}"
EndProject
Project("{FAE04EC0-301F-11D3-BF4B-00C04F79EFBC}") = "Milo.Web", "Milo.Web\Milo.Web.csproj", "{680F48F5-9CD1-41A8-9144-1168BC60DF41}"
EndProject
Project("{FAE04EC0-301F-11D3-BF4B-00C04F79EFBC}") = "Milo.Web.PageExtensions", "Milo.Web.PageExtensions\Milo.Web.PageExtensions.csproj", "{37FEF332-615D-4CE1-86C1-4D4C59A74795}"
EndProject
Project("{2150E333-8FDC-42A3-9474-1A3956D46DE8}") = "tests", "tests", "{7C8460DC-C9DB-4EB6-9266-8B39726A2D3E}"
EndProject
Project("{FAE04EC0-301F-11D3-BF4B-00C04F79EFBC}") = "Milo.Tests", "Milo.Tests\Milo.Tests.csproj", "{4FB7426E-FA9A-4ADD-8AF6-32982E4F2DA2}"
EndProject
Project("{FAE04EC0-301F-11D3-BF4B-00C04F79EFBC}") = "Milo.Spring.Tests", "Milo.Spring.Tests\Milo.Spring.Tests.csproj", "{1FFCFDC0-CE39-4622-B7EF-E595E82374BA}"
EndProject
Project("{2150E333-8FDC-42A3-9474-1A3956D46DE8}") = "demo", "demo", "{DB399CBF-B01D-4CA9-B36A-03A836EE186A}"
EndProject
Project("{FAE04EC0-301F-11D3-BF4B-00C04F79EFBC}") = "Milo.Web.Mvc", "Milo.Web.Mvc\Milo.Web.Mvc.csproj", "{BF0B6185-95B1-4ABE-BB3E-D00B380BDB14}"
EndProject
Project("{FAE04EC0-301F-11D3-BF4B-00C04F79EFBC}") = "Milo.Web.UI", "Milo.Web.UI\Milo.Web.UI.csproj", "{004D928D-9B36-40E5-9C55-F0C450C37164}"
EndProject
Global
	GlobalSection(SolutionConfigurationPlatforms) = preSolution
		Debug|Any CPU = Debug|Any CPU
		MonoDebug|Any CPU = MonoDebug|Any CPU
		MonoRelease|Any CPU = MonoRelease|Any CPU
		Release|Any CPU = Release|Any CPU
	EndGlobalSection
	GlobalSection(ProjectConfigurationPlatforms) = postSolution
		{E238BE52-AFD7-427C-92E1-F67214FE9D0D}.Debug|Any CPU.ActiveCfg = Debug|Any CPU
		{E238BE52-AFD7-427C-92E1-F67214FE9D0D}.Debug|Any CPU.Build.0 = Debug|Any CPU
		{E238BE52-AFD7-427C-92E1-F67214FE9D0D}.MonoDebug|Any CPU.ActiveCfg = MonoDebug|Any CPU
		{E238BE52-AFD7-427C-92E1-F67214FE9D0D}.MonoDebug|Any CPU.Build.0 = MonoDebug|Any CPU
		{E238BE52-AFD7-427C-92E1-F67214FE9D0D}.MonoRelease|Any CPU.ActiveCfg = MonoRelease|Any CPU
		{E238BE52-AFD7-427C-92E1-F67214FE9D0D}.MonoRelease|Any CPU.Build.0 = MonoRelease|Any CPU
		{E238BE52-AFD7-427C-92E1-F67214FE9D0D}.Release|Any CPU.ActiveCfg = Release|Any CPU
		{E238BE52-AFD7-427C-92E1-F67214FE9D0D}.Release|Any CPU.Build.0 = Release|Any CPU
		{D8F6E1F1-D73F-4D0A-A317-5FD369260303}.Debug|Any CPU.ActiveCfg = Debug|Any CPU
		{D8F6E1F1-D73F-4D0A-A317-5FD369260303}.Debug|Any CPU.Build.0 = Debug|Any CPU
		{D8F6E1F1-D73F-4D0A-A317-5FD369260303}.MonoDebug|Any CPU.ActiveCfg = MonoDebug|Any CPU
		{D8F6E1F1-D73F-4D0A-A317-5FD369260303}.MonoDebug|Any CPU.Build.0 = MonoDebug|Any CPU
		{D8F6E1F1-D73F-4D0A-A317-5FD369260303}.MonoRelease|Any CPU.ActiveCfg = MonoRelease|Any CPU
		{D8F6E1F1-D73F-4D0A-A317-5FD369260303}.MonoRelease|Any CPU.Build.0 = MonoRelease|Any CPU
		{D8F6E1F1-D73F-4D0A-A317-5FD369260303}.Release|Any CPU.ActiveCfg = Release|Any CPU
		{D8F6E1F1-D73F-4D0A-A317-5FD369260303}.Release|Any CPU.Build.0 = Release|Any CPU
		{9467803A-F468-4C87-BBB4-55E0C3544384}.Debug|Any CPU.ActiveCfg = Debug|Any CPU
		{9467803A-F468-4C87-BBB4-55E0C3544384}.Debug|Any CPU.Build.0 = Debug|Any CPU
		{9467803A-F468-4C87-BBB4-55E0C3544384}.MonoDebug|Any CPU.ActiveCfg = MonoDebug|Any CPU
		{9467803A-F468-4C87-BBB4-55E0C3544384}.MonoDebug|Any CPU.Build.0 = MonoDebug|Any CPU
		{9467803A-F468-4C87-BBB4-55E0C3544384}.MonoRelease|Any CPU.ActiveCfg = MonoRelease|Any CPU
		{9467803A-F468-4C87-BBB4-55E0C3544384}.MonoRelease|Any CPU.Build.0 = MonoRelease|Any CPU
		{9467803A-F468-4C87-BBB4-55E0C3544384}.Release|Any CPU.ActiveCfg = Release|Any CPU
		{9467803A-F468-4C87-BBB4-55E0C3544384}.Release|Any CPU.Build.0 = Release|Any CPU
		{680F48F5-9CD1-41A8-9144-1168BC60DF41}.Debug|Any CPU.ActiveCfg = Debug|Any CPU
		{680F48F5-9CD1-41A8-9144-1168BC60DF41}.Debug|Any CPU.Build.0 = Debug|Any CPU
		{680F48F5-9CD1-41A8-9144-1168BC60DF41}.MonoDebug|Any CPU.ActiveCfg = MonoDebug|Any CPU
		{680F48F5-9CD1-41A8-9144-1168BC60DF41}.MonoDebug|Any CPU.Build.0 = MonoDebug|Any CPU
		{680F48F5-9CD1-41A8-9144-1168BC60DF41}.MonoRelease|Any CPU.ActiveCfg = MonoRelease|Any CPU
		{680F48F5-9CD1-41A8-9144-1168BC60DF41}.MonoRelease|Any CPU.Build.0 = MonoRelease|Any CPU
		{680F48F5-9CD1-41A8-9144-1168BC60DF41}.Release|Any CPU.ActiveCfg = Release|Any CPU
		{680F48F5-9CD1-41A8-9144-1168BC60DF41}.Release|Any CPU.Build.0 = Release|Any CPU
		{37FEF332-615D-4CE1-86C1-4D4C59A74795}.Debug|Any CPU.ActiveCfg = Debug|Any CPU
		{37FEF332-615D-4CE1-86C1-4D4C59A74795}.Debug|Any CPU.Build.0 = Debug|Any CPU
		{37FEF332-615D-4CE1-86C1-4D4C59A74795}.MonoDebug|Any CPU.ActiveCfg = MonoDebug|Any CPU
		{37FEF332-615D-4CE1-86C1-4D4C59A74795}.MonoDebug|Any CPU.Build.0 = MonoDebug|Any CPU
		{37FEF332-615D-4CE1-86C1-4D4C59A74795}.MonoRelease|Any CPU.ActiveCfg = MonoRelease|Any CPU
		{37FEF332-615D-4CE1-86C1-4D4C59A74795}.MonoRelease|Any CPU.Build.0 = MonoRelease|Any CPU
		{37FEF332-615D-4CE1-86C1-4D4C59A74795}.Release|Any CPU.ActiveCfg = Release|Any CPU
		{37FEF332-615D-4CE1-86C1-4D4C59A74795}.Release|Any CPU.Build.0 = Release|Any CPU
		{4FB7426E-FA9A-4ADD-8AF6-32982E4F2DA2}.Debug|Any CPU.ActiveCfg = Debug|Any CPU
		{4FB7426E-FA9A-4ADD-8AF6-32982E4F2DA2}.Debug|Any CPU.Build.0 = Debug|Any CPU
		{4FB7426E-FA9A-4ADD-8AF6-32982E4F2DA2}.MonoDebug|Any CPU.ActiveCfg = MonoDebug|Any CPU
		{4FB7426E-FA9A-4ADD-8AF6-32982E4F2DA2}.MonoDebug|Any CPU.Build.0 = MonoDebug|Any CPU
		{4FB7426E-FA9A-4ADD-8AF6-32982E4F2DA2}.MonoRelease|Any CPU.ActiveCfg = MonoRelease|Any CPU
		{4FB7426E-FA9A-4ADD-8AF6-32982E4F2DA2}.MonoRelease|Any CPU.Build.0 = MonoRelease|Any CPU
		{4FB7426E-FA9A-4ADD-8AF6-32982E4F2DA2}.Release|Any CPU.ActiveCfg = Release|Any CPU
		{4FB7426E-FA9A-4ADD-8AF6-32982E4F2DA2}.Release|Any CPU.Build.0 = Release|Any CPU
		{1FFCFDC0-CE39-4622-B7EF-E595E82374BA}.Debug|Any CPU.ActiveCfg = Debug|Any CPU
		{1FFCFDC0-CE39-4622-B7EF-E595E82374BA}.Debug|Any CPU.Build.0 = Debug|Any CPU
		{1FFCFDC0-CE39-4622-B7EF-E595E82374BA}.MonoDebug|Any CPU.ActiveCfg = Debug|Any CPU
		{1FFCFDC0-CE39-4622-B7EF-E595E82374BA}.MonoDebug|Any CPU.Build.0 = Debug|Any CPU
		{1FFCFDC0-CE39-4622-B7EF-E595E82374BA}.MonoRelease|Any CPU.ActiveCfg = Release|Any CPU
		{1FFCFDC0-CE39-4622-B7EF-E595E82374BA}.MonoRelease|Any CPU.Build.0 = Release|Any CPU
		{1FFCFDC0-CE39-4622-B7EF-E595E82374BA}.Release|Any CPU.ActiveCfg = Release|Any CPU
		{1FFCFDC0-CE39-4622-B7EF-E595E82374BA}.Release|Any CPU.Build.0 = Release|Any CPU
		{BF0B6185-95B1-4ABE-BB3E-D00B380BDB14}.Debug|Any CPU.ActiveCfg = Debug|Any CPU
		{BF0B6185-95B1-4ABE-BB3E-D00B380BDB14}.Debug|Any CPU.Build.0 = Debug|Any CPU
		{BF0B6185-95B1-4ABE-BB3E-D00B380BDB14}.MonoDebug|Any CPU.ActiveCfg = Debug|Any CPU
		{BF0B6185-95B1-4ABE-BB3E-D00B380BDB14}.MonoDebug|Any CPU.Build.0 = Debug|Any CPU
		{BF0B6185-95B1-4ABE-BB3E-D00B380BDB14}.MonoRelease|Any CPU.ActiveCfg = Release|Any CPU
		{BF0B6185-95B1-4ABE-BB3E-D00B380BDB14}.MonoRelease|Any CPU.Build.0 = Release|Any CPU
		{BF0B6185-95B1-4ABE-BB3E-D00B380BDB14}.Release|Any CPU.ActiveCfg = Release|Any CPU
		{BF0B6185-95B1-4ABE-BB3E-D00B380BDB14}.Release|Any CPU.Build.0 = Release|Any CPU
		{004D928D-9B36-40E5-9C55-F0C450C37164}.Debug|Any CPU.ActiveCfg = Debug|Any CPU
		{004D928D-9B36-40E5-9C55-F0C450C37164}.Debug|Any CPU.Build.0 = Debug|Any CPU
		{004D928D-9B36-40E5-9C55-F0C450C37164}.MonoDebug|Any CPU.ActiveCfg = Debug|Any CPU
		{004D928D-9B36-40E5-9C55-F0C450C37164}.MonoDebug|Any CPU.Build.0 = Debug|Any CPU
		{004D928D-9B36-40E5-9C55-F0C450C37164}.MonoRelease|Any CPU.ActiveCfg = Release|Any CPU
		{004D928D-9B36-40E5-9C55-F0C450C37164}.MonoRelease|Any CPU.Build.0 = Release|Any CPU
		{004D928D-9B36-40E5-9C55-F0C450C37164}.Release|Any CPU.ActiveCfg = Release|Any CPU
		{004D928D-9B36-40E5-9C55-F0C450C37164}.Release|Any CPU.Build.0 = Release|Any CPU
	EndGlobalSection
	GlobalSection(SolutionProperties) = preSolution
		HideSolutionNode = FALSE
	EndGlobalSection
	GlobalSection(NestedProjects) = preSolution
		{E238BE52-AFD7-427C-92E1-F67214FE9D0D} = {7689E876-4726-443C-BFAA-D1B7CC8103CF}
		{D8F6E1F1-D73F-4D0A-A317-5FD369260303} = {7689E876-4726-443C-BFAA-D1B7CC8103CF}
		{9467803A-F468-4C87-BBB4-55E0C3544384} = {7689E876-4726-443C-BFAA-D1B7CC8103CF}
		{680F48F5-9CD1-41A8-9144-1168BC60DF41} = {7689E876-4726-443C-BFAA-D1B7CC8103CF}
		{37FEF332-615D-4CE1-86C1-4D4C59A74795} = {7689E876-4726-443C-BFAA-D1B7CC8103CF}
		{BF0B6185-95B1-4ABE-BB3E-D00B380BDB14} = {7689E876-4726-443C-BFAA-D1B7CC8103CF}
		{004D928D-9B36-40E5-9C55-F0C450C37164} = {7689E876-4726-443C-BFAA-D1B7CC8103CF}
		{4FB7426E-FA9A-4ADD-8AF6-32982E4F2DA2} = {7C8460DC-C9DB-4EB6-9266-8B39726A2D3E}
		{1FFCFDC0-CE39-4622-B7EF-E595E82374BA} = {7C8460DC-C9DB-4EB6-9266-8B39726A2D3E}
	EndGlobalSection
	GlobalSection(MonoDevelopProperties) = preSolution
		StartupItem = Milo.Web.UI\Milo.Web.UI.csproj
	EndGlobalSection
EndGlobal
